version = 1
revision = 3
requires-python = ">=3.13"

[[package]]
name = "aiomysql"
version = "0.3.2"
source = { registry = "https://pypi.org/simple" }
dependencies = [
    { name = "pymysql" },
]
sdist = { url = "https://files.pythonhosted.org/packages/29/e0/302aeffe8d90853556f47f3106b89c16cc2ec2a4d269bdfd82e3f4ae12cc/aiomysql-0.3.2.tar.gz", hash = "sha256:72d15ef5cfc34c03468eb41e1b90adb9fd9347b0b589114bd23ead569a02ac1a", size = 108311, upload-time = "2025-10-22T00:15:21.278Z" }
wheels = [
    { url = "https://files.pythonhosted.org/packages/4c/af/aae0153c3e28712adaf462328f6c7a3c196a1c1c27b491de4377dd3e6b52/aiomysql-0.3.2-py3-none-any.whl", hash = "sha256:c82c5ba04137d7afd5c693a258bea8ead2aad77101668044143a991e04632eb2", size = 71834, upload-time = "2025-10-22T00:15:15.905Z" },
]

[[package]]
name = "pymysql"
version = "1.2.3"
source = { registry = "https://pypi.org/simple" }
sdist = { url = "https://files.pythonhosted.org/packages/b1/d4/c15b459e25a23767d2f4065ef40968920320f04e302889574310c21c96a3/pymysql-1.2.3.tar.gz", hash = "sha256:d5b288529782e536ae171866df3ca9dc4f6cbfb3cc2f18e6f837fbb90dbc262b", size = 50629, upload-time = "2026-09-17T12:22:49.146Z" }
wheels = [
    { url = "https://files.pythonhosted.org/packages/a9/4b/0a906d8184f011ff8dbd4722743783867589b33269d2c5fff238d636fdcb/pymysql-1.2.3-py3-none-any.whl", hash = "sha256:14f1c68e2ed859243ae5ca41ffbe677027fc46bc136a9f0be8a4e928e5e7415a", size = 46740, upload-time = "2026-09-17T12:22:47.826Z" },
]

[[package]]
name = "wakuhub"
version = "0.1.0"
source = { virtual = "." }
dependencies = [
    { name = "aiomysql" },
]

[package.metadata]
requires-dist = [{ name = "aiomysql", specifier = ">=0.3.2" }]
